{
  "name": "bootstrap_custom_theme_playground",
  "version": "1.0.0",
  "lockfileVersion": 1,
  "requires": true,
  "dependencies": {
    "bootstrap-beta": {
      "version": "4.0.0-beta",
      "resolved": "https://registry.npmjs.org/bootstrap-beta/-/bootstrap-beta-4.0.0-beta.tgz",
      "integrity": "sha1-NPeYilU7XN7B1gfqL42Uyjlv/BI="
    },
    "jquery": {
      "version": "3.2.1",
      "resolved": "https://registry.npmjs.org/jquery/-/jquery-3.2.1.tgz",
      "integrity": "sha1-XE2d5lKvbNCncBVKYxu6ErAVx4c="
    },
    "lory.js": {
      "version": "2.3.4",
      "resolved": "https://registry.npmjs.org/lory.js/-/lory.js-2.3.4.tgz",
      "integrity": "sha512-vui5JFB6jnKL5toGMagG4/I40rfn5eRdtK5zGTvLXqcjJGa9SNOZ8uS2rlrr6vdkeaq+/C9K3ZG0e8HD8k5xrQ=="
    },
    "popper.js": {
      "version": "1.12.9",
      "resolved": "https://registry.npmjs.org/popper.js/-/popper.js-1.12.9.tgz",
      "integrity": "sha1-DfvC3/lsRRuzMu3Pz6r1ZtMx1bM="
    }
  }
}
